
Microsoft Visual Studio Solution File, Format Version 12.00
# Visual Studio Version 16
VisualStudioVersion = 16.0.31025.194
MinimumVisualStudioVersion = 10.0.40219.1
Project("{FAE04EC0-301F-11D3-BF4B-00C04F79EFBC}") = "Prototype", "Prototype\Prototype.csproj", "{D22B8BCA-2592-48B4-9616-AECE99B9F355}"
EndProject
Global
	GlobalSection(SolutionConfigurationPlatforms) = preSolution
		Debug|Any CPU = Debug|Any CPU
		Release|Any CPU = Release|Any CPU
	EndGlobalSection
	GlobalSection(ProjectConfigurationPlatforms) = postSolution
		{D22B8BCA-2592-48B4-9616-AECE99B9F355}.Debug|Any CPU.ActiveCfg = Debug|Any CPU
		{D22B8BCA-2592-48B4-9616-AECE99B9F355}.Debug|Any CPU.Build.0 = Debug|Any CPU
		{D22B8BCA-2592-48B4-9616-AECE99B9F355}.Release|Any CPU.ActiveCfg = Release|Any CPU
		{D22B8BCA-2592-48B4-9616-AECE99B9F355}.Release|Any CPU.Build.0 = Release|Any CPU
	EndGlobalSection
	GlobalSection(SolutionProperties) = preSolution
		HideSolutionNode = FALSE
	EndGlobalSection
	GlobalSection(ExtensibilityGlobals) = postSolution
		SolutionGuid = {FFD6D8B9-02F0-4836-8465-D54CAA09AC60}
	EndGlobalSection
EndGlobal
